
Microsoft Visual Studio Solution File, Format Version 12.00
# Visual Studio Version 17
VisualStudioVersion = 17.6.33712.159
MinimumVisualStudioVersion = 10.0.40219.1
Project("{2150E333-8FDC-42A3-9474-1A3956D46DE8}") = "test", "test", "{88972845-2076-4EC4-9175-49E27255511E}"
EndProject
Project("{2150E333-8FDC-42A3-9474-1A3956D46DE8}") = "src", "src", "{721F6DD8-03B3-4E8D-B7A9-64407D371093}"
EndProject
Project("{2150E333-8FDC-42A3-9474-1A3956D46DE8}") = "doc", "doc", "{7622CA23-6F93-4322-9A8F-046E9723E803}"
	ProjectSection(SolutionItems) = preProject
		coc.md = coc.md
		LICENSE.md = LICENSE.md
		README.md = README.md
		Release.md = Release.md
	EndProjectSection
EndProject
Project("{9A19103F-16F7-4668-BE54-9A1E7A4F7556}") = "anndotnet.test", "test\anndotnet.test\anndotnet.test.csproj", "{8096EC67-AF3A-4CB0-A9F1-77A8746EC57E}"
EndProject
Project("{2150E333-8FDC-42A3-9474-1A3956D46DE8}") = "images", "images", "{53655133-86F2-4A04-846B-7D1D9AB76815}"
	ProjectSection(SolutionItems) = preProject
		docs\images\14684be79e3fc6460a7908db00e0b616.jpg = docs\images\14684be79e3fc6460a7908db00e0b616.jpg
		docs\images\14ab6f259a54b6e22d50b2fcba593dc4.jpg = docs\images\14ab6f259a54b6e22d50b2fcba593dc4.jpg
		docs\images\2edfc159cd9c3a555178b966b46e9dbd.png = docs\images\2edfc159cd9c3a555178b966b46e9dbd.png
		docs\images\2fe28a45f1725c6511d415357a10b594.png = docs\images\2fe28a45f1725c6511d415357a10b594.png
		docs\images\32de751099d58f038ab281c3f8b29651.png = docs\images\32de751099d58f038ab281c3f8b29651.png
		docs\images\43a59f2ec771889ed5a5ad8e105a647c.png = docs\images\43a59f2ec771889ed5a5ad8e105a647c.png
		docs\images\43b67c5b4ce4c94f5c474f94f98cc262.png = docs\images\43b67c5b4ce4c94f5c474f94f98cc262.png
		docs\images\53722efde0bcce57c55688c9aae5b250.png = docs\images\53722efde0bcce57c55688c9aae5b250.png
		docs\images\738b4a2a7d3baf83d3870ac10d2b77fb.jpg = docs\images\738b4a2a7d3baf83d3870ac10d2b77fb.jpg
		docs\images\7c1df576bf4ced8ef8bee8415aee3ebb.png = docs\images\7c1df576bf4ced8ef8bee8415aee3ebb.png
		docs\images\7d9f7758f3b32a50f4d2d70cfd07d1e3.png = docs\images\7d9f7758f3b32a50f4d2d70cfd07d1e3.png
		docs\images\8a2d83c23a750272fd0bcdc4ff927f53.png = docs\images\8a2d83c23a750272fd0bcdc4ff927f53.png
		docs\images\anandotnet_projectexplorer02.jpg = docs\images\anandotnet_projectexplorer02.jpg
		docs\images\anndotnet-exceladdin-img01.jpg = docs\images\anndotnet-exceladdin-img01.jpg
		docs\images\anndotnet-exceladdin-img01.png = docs\images\anndotnet-exceladdin-img01.png
		docs\images\anndotnet-exceladdin-img02.png = docs\images\anndotnet-exceladdin-img02.png
		docs\images\anndotnet-exceladdin-img03.png = docs\images\anndotnet-exceladdin-img03.png
		docs\images\anndotnet-exceladdin-img04.png = docs\images\anndotnet-exceladdin-img04.png
		docs\images\anndotnet_data_preparation.png = docs\images\anndotnet_data_preparation.png
		docs\images\anndotnet_data_preparation1.png = docs\images\anndotnet_data_preparation1.png
		docs\images\anndotnet_data_preparation2.png = docs\images\anndotnet_data_preparation2.png
		docs\images\anndotnet_project_explorer.jpg = docs\images\anndotnet_project_explorer.jpg
		docs\images\anndotnet_startwnd.jpg = docs\images\anndotnet_startwnd.jpg
		docs\images\anndotnet_startwnd.png = docs\images\anndotnet_startwnd.png
		docs\images\annetwork_designer.jpg = docs\images\annetwork_designer.jpg
		docs\images\annetwork_designer.png = docs\images\annetwork_designer.png
		docs\images\annLogo_start2.png = docs\images\annLogo_start2.png
		docs\images\ca93bf7412de5eeebd40d94ea561c057.png = docs\images\ca93bf7412de5eeebd40d94ea561c057.png
		docs\images\f2e2ab5a082b6a823c1362ced8452332.png = docs\images\f2e2ab5a082b6a823c1362ced8452332.png
		docs\images\fac7a4a653e1b72dd963eb087e03f5e3.png = docs\images\fac7a4a653e1b72dd963eb087e03f5e3.png
		docs\images\fe49bb139724fa9a78f59e55db89b557.png = docs\images\fe49bb139724fa9a78f59e55db89b557.png
		docs\images\projectsfile_structure.png = docs\images\projectsfile_structure.png
	EndProjectSection
EndProject
Project("{9A19103F-16F7-4668-BE54-9A1E7A4F7556}") = "anndotnet.core", "src\anndotnet.core\anndotnet.core.csproj", "{C9748022-C33C-4E45-9073-4F9DE69C0932}"
EndProject
Project("{9A19103F-16F7-4668-BE54-9A1E7A4F7556}") = "xanndotnet.cmd.tool", "src\anndotnet.cmd.tool\xanndotnet.cmd.tool.csproj", "{C6496BD8-C49F-4930-8077-7598D70F5996}"
EndProject
Project("{2150E333-8FDC-42A3-9474-1A3956D46DE8}") = "daany", "daany", "{6C32A26A-B84F-4CF6-A471-66374CB4A795}"
EndProject
Project("{9A19103F-16F7-4668-BE54-9A1E7A4F7556}") = "Daany.MathStuff", "..\daany\src\daany.mathstuff\Daany.MathStuff.csproj", "{ADB9C6EF-0E6F-4749-A373-25A3F17901F0}"
EndProject
Project("{9A19103F-16F7-4668-BE54-9A1E7A4F7556}") = "Daany.DataFrame", "..\daany\src\daany.df\Daany.DataFrame.csproj", "{7F31A5C2-4B3E-4B16-90A3-1BD0B427731E}"
EndProject
Project("{9A19103F-16F7-4668-BE54-9A1E7A4F7556}") = "Daany.DataFrame.Ext", "..\daany\src\daany.ext\Daany.DataFrame.Ext.csproj", "{3302FC42-F918-4A67-B044-88F0805DC4FE}"
EndProject
Project("{9A19103F-16F7-4668-BE54-9A1E7A4F7556}") = "anndotnet.view", "src\anndotnet.view\anndotnet.view.csproj", "{BC67D9E7-E33A-4E23-86A5-95C0CC26D44C}"
EndProject
Global
	GlobalSection(SolutionConfigurationPlatforms) = preSolution
		Debug|Any CPU = Debug|Any CPU
		Debug|x64 = Debug|x64
		Linux_Debug|Any CPU = Linux_Debug|Any CPU
		Linux_Debug|x64 = Linux_Debug|x64
		Linux_Release|Any CPU = Linux_Release|Any CPU
		Linux_Release|x64 = Linux_Release|x64
		Linux|Any CPU = Linux|Any CPU
		Linux|x64 = Linux|x64
		Release|Any CPU = Release|Any CPU
		Release|x64 = Release|x64
	EndGlobalSection
	GlobalSection(ProjectConfigurationPlatforms) = postSolution
		{8096EC67-AF3A-4CB0-A9F1-77A8746EC57E}.Debug|Any CPU.ActiveCfg = Debug|Any CPU
		{8096EC67-AF3A-4CB0-A9F1-77A8746EC57E}.Debug|Any CPU.Build.0 = Debug|Any CPU
		{8096EC67-AF3A-4CB0-A9F1-77A8746EC57E}.Debug|x64.ActiveCfg = Debug|x64
		{8096EC67-AF3A-4CB0-A9F1-77A8746EC57E}.Debug|x64.Build.0 = Debug|x64
		{8096EC67-AF3A-4CB0-A9F1-77A8746EC57E}.Linux_Debug|Any CPU.ActiveCfg = Debug|Any CPU
		{8096EC67-AF3A-4CB0-A9F1-77A8746EC57E}.Linux_Debug|Any CPU.Build.0 = Debug|Any CPU
		{8096EC67-AF3A-4CB0-A9F1-77A8746EC57E}.Linux_Debug|x64.ActiveCfg = Debug|x64
		{8096EC67-AF3A-4CB0-A9F1-77A8746EC57E}.Linux_Debug|x64.Build.0 = Debug|x64
		{8096EC67-AF3A-4CB0-A9F1-77A8746EC57E}.Linux_Release|Any CPU.ActiveCfg = Release|Any CPU
		{8096EC67-AF3A-4CB0-A9F1-77A8746EC57E}.Linux_Release|Any CPU.Build.0 = Release|Any CPU
		{8096EC67-AF3A-4CB0-A9F1-77A8746EC57E}.Linux_Release|x64.ActiveCfg = Release|x64
		{8096EC67-AF3A-4CB0-A9F1-77A8746EC57E}.Linux_Release|x64.Build.0 = Release|x64
		{8096EC67-AF3A-4CB0-A9F1-77A8746EC57E}.Linux|Any CPU.ActiveCfg = Release|Any CPU
		{8096EC67-AF3A-4CB0-A9F1-77A8746EC57E}.Linux|Any CPU.Build.0 = Release|Any CPU
		{8096EC67-AF3A-4CB0-A9F1-77A8746EC57E}.Linux|x64.ActiveCfg = Release|x64
		{8096EC67-AF3A-4CB0-A9F1-77A8746EC57E}.Linux|x64.Build.0 = Release|x64
		{8096EC67-AF3A-4CB0-A9F1-77A8746EC57E}.Release|Any CPU.ActiveCfg = Release|Any CPU
		{8096EC67-AF3A-4CB0-A9F1-77A8746EC57E}.Release|Any CPU.Build.0 = Release|Any CPU
		{8096EC67-AF3A-4CB0-A9F1-77A8746EC57E}.Release|x64.ActiveCfg = Release|x64
		{8096EC67-AF3A-4CB0-A9F1-77A8746EC57E}.Release|x64.Build.0 = Release|x64
		{C9748022-C33C-4E45-9073-4F9DE69C0932}.Debug|Any CPU.ActiveCfg = Debug|Any CPU
		{C9748022-C33C-4E45-9073-4F9DE69C0932}.Debug|Any CPU.Build.0 = Debug|Any CPU
		{C9748022-C33C-4E45-9073-4F9DE69C0932}.Debug|x64.ActiveCfg = Debug|x64
		{C9748022-C33C-4E45-9073-4F9DE69C0932}.Debug|x64.Build.0 = Debug|x64
		{C9748022-C33C-4E45-9073-4F9DE69C0932}.Linux_Debug|Any CPU.ActiveCfg = Debug|Any CPU
		{C9748022-C33C-4E45-9073-4F9DE69C0932}.Linux_Debug|Any CPU.Build.0 = Debug|Any CPU
		{C9748022-C33C-4E45-9073-4F9DE69C0932}.Linux_Debug|x64.ActiveCfg = Debug|x64
		{C9748022-C33C-4E45-9073-4F9DE69C0932}.Linux_Debug|x64.Build.0 = Debug|x64
		{C9748022-C33C-4E45-9073-4F9DE69C0932}.Linux_Release|Any CPU.ActiveCfg = Release|Any CPU
		{C9748022-C33C-4E45-9073-4F9DE69C0932}.Linux_Release|Any CPU.Build.0 = Release|Any CPU
		{C9748022-C33C-4E45-9073-4F9DE69C0932}.Linux_Release|x64.ActiveCfg = Release|x64
		{C9748022-C33C-4E45-9073-4F9DE69C0932}.Linux_Release|x64.Build.0 = Release|x64
		{C9748022-C33C-4E45-9073-4F9DE69C0932}.Linux|Any CPU.ActiveCfg = Release|Any CPU
		{C9748022-C33C-4E45-9073-4F9DE69C0932}.Linux|Any CPU.Build.0 = Release|Any CPU
		{C9748022-C33C-4E45-9073-4F9DE69C0932}.Linux|x64.ActiveCfg = Release|x64
		{C9748022-C33C-4E45-9073-4F9DE69C0932}.Linux|x64.Build.0 = Release|x64
		{C9748022-C33C-4E45-9073-4F9DE69C0932}.Release|Any CPU.ActiveCfg = Release|Any CPU
		{C9748022-C33C-4E45-9073-4F9DE69C0932}.Release|Any CPU.Build.0 = Release|Any CPU
		{C9748022-C33C-4E45-9073-4F9DE69C0932}.Release|x64.ActiveCfg = Release|x64
		{C9748022-C33C-4E45-9073-4F9DE69C0932}.Release|x64.Build.0 = Release|x64
		{C6496BD8-C49F-4930-8077-7598D70F5996}.Debug|Any CPU.ActiveCfg = Debug|Any CPU
		{C6496BD8-C49F-4930-8077-7598D70F5996}.Debug|Any CPU.Build.0 = Debug|Any CPU
		{C6496BD8-C49F-4930-8077-7598D70F5996}.Debug|x64.ActiveCfg = Debug|x64
		{C6496BD8-C49F-4930-8077-7598D70F5996}.Debug|x64.Build.0 = Debug|x64
		{C6496BD8-C49F-4930-8077-7598D70F5996}.Linux_Debug|Any CPU.ActiveCfg = Debug|Any CPU
		{C6496BD8-C49F-4930-8077-7598D70F5996}.Linux_Debug|Any CPU.Build.0 = Debug|Any CPU
		{C6496BD8-C49F-4930-8077-7598D70F5996}.Linux_Debug|x64.ActiveCfg = Debug|x64
		{C6496BD8-C49F-4930-8077-7598D70F5996}.Linux_Debug|x64.Build.0 = Debug|x64
		{C6496BD8-C49F-4930-8077-7598D70F5996}.Linux_Release|Any CPU.ActiveCfg = Release|Any CPU
		{C6496BD8-C49F-4930-8077-7598D70F5996}.Linux_Release|Any CPU.Build.0 = Release|Any CPU
		{C6496BD8-C49F-4930-8077-7598D70F5996}.Linux_Release|x64.ActiveCfg = Release|x64
		{C6496BD8-C49F-4930-8077-7598D70F5996}.Linux_Release|x64.Build.0 = Release|x64
		{C6496BD8-C49F-4930-8077-7598D70F5996}.Linux|Any CPU.ActiveCfg = Release|Any CPU
		{C6496BD8-C49F-4930-8077-7598D70F5996}.Linux|Any CPU.Build.0 = Release|Any CPU
		{C6496BD8-C49F-4930-8077-7598D70F5996}.Linux|x64.ActiveCfg = Release|x64
		{C6496BD8-C49F-4930-8077-7598D70F5996}.Linux|x64.Build.0 = Release|x64
		{C6496BD8-C49F-4930-8077-7598D70F5996}.Release|Any CPU.ActiveCfg = Release|Any CPU
		{C6496BD8-C49F-4930-8077-7598D70F5996}.Release|Any CPU.Build.0 = Release|Any CPU
		{C6496BD8-C49F-4930-8077-7598D70F5996}.Release|x64.ActiveCfg = Release|x64
		{C6496BD8-C49F-4930-8077-7598D70F5996}.Release|x64.Build.0 = Release|x64
		{ADB9C6EF-0E6F-4749-A373-25A3F17901F0}.Debug|Any CPU.ActiveCfg = Debug|Any CPU
		{ADB9C6EF-0E6F-4749-A373-25A3F17901F0}.Debug|Any CPU.Build.0 = Debug|Any CPU
		{ADB9C6EF-0E6F-4749-A373-25A3F17901F0}.Debug|x64.ActiveCfg = Debug|x64
		{ADB9C6EF-0E6F-4749-A373-25A3F17901F0}.Debug|x64.Build.0 = Debug|x64
		{ADB9C6EF-0E6F-4749-A373-25A3F17901F0}.Linux_Debug|Any CPU.ActiveCfg = Debug|Any CPU
		{ADB9C6EF-0E6F-4749-A373-25A3F17901F0}.Linux_Debug|Any CPU.Build.0 = Debug|Any CPU
		{ADB9C6EF-0E6F-4749-A373-25A3F17901F0}.Linux_Debug|x64.ActiveCfg = Debug|x64
		{ADB9C6EF-0E6F-4749-A373-25A3F17901F0}.Linux_Debug|x64.Build.0 = Debug|x64
		{ADB9C6EF-0E6F-4749-A373-25A3F17901F0}.Linux_Release|Any CPU.ActiveCfg = Release|Any CPU
		{ADB9C6EF-0E6F-4749-A373-25A3F17901F0}.Linux_Release|Any CPU.Build.0 = Release|Any CPU
		{ADB9C6EF-0E6F-4749-A373-25A3F17901F0}.Linux_Release|x64.ActiveCfg = Release|x64
		{ADB9C6EF-0E6F-4749-A373-25A3F17901F0}.Linux_Release|x64.Build.0 = Release|x64
		{ADB9C6EF-0E6F-4749-A373-25A3F17901F0}.Linux|Any CPU.ActiveCfg = Debug|Any CPU
		{ADB9C6EF-0E6F-4749-A373-25A3F17901F0}.Linux|Any CPU.Build.0 = Debug|Any CPU
		{ADB9C6EF-0E6F-4749-A373-25A3F17901F0}.Linux|x64.ActiveCfg = Debug|x64
		{ADB9C6EF-0E6F-4749-A373-25A3F17901F0}.Linux|x64.Build.0 = Debug|x64
		{ADB9C6EF-0E6F-4749-A373-25A3F17901F0}.Release|Any CPU.ActiveCfg = Release|Any CPU
		{ADB9C6EF-0E6F-4749-A373-25A3F17901F0}.Release|Any CPU.Build.0 = Release|Any CPU
		{ADB9C6EF-0E6F-4749-A373-25A3F17901F0}.Release|x64.ActiveCfg = Release|x64
		{ADB9C6EF-0E6F-4749-A373-25A3F17901F0}.Release|x64.Build.0 = Release|x64
		{7F31A5C2-4B3E-4B16-90A3-1BD0B427731E}.Debug|Any CPU.ActiveCfg = Debug|Any CPU
		{7F31A5C2-4B3E-4B16-90A3-1BD0B427731E}.Debug|Any CPU.Build.0 = Debug|Any CPU
		{7F31A5C2-4B3E-4B16-90A3-1BD0B427731E}.Debug|x64.ActiveCfg = Debug|x64
		{7F31A5C2-4B3E-4B16-90A3-1BD0B427731E}.Debug|x64.Build.0 = Debug|x64
		{7F31A5C2-4B3E-4B16-90A3-1BD0B427731E}.Linux_Debug|Any CPU.ActiveCfg = Linux_Debug|Any CPU
		{7F31A5C2-4B3E-4B16-90A3-1BD0B427731E}.Linux_Debug|Any CPU.Build.0 = Linux_Debug|Any CPU
		{7F31A5C2-4B3E-4B16-90A3-1BD0B427731E}.Linux_Debug|x64.ActiveCfg = Linux_Debug|x64
		{7F31A5C2-4B3E-4B16-90A3-1BD0B427731E}.Linux_Debug|x64.Build.0 = Linux_Debug|x64
		{7F31A5C2-4B3E-4B16-90A3-1BD0B427731E}.Linux_Release|Any CPU.ActiveCfg = Linux_Release|Any CPU
		{7F31A5C2-4B3E-4B16-90A3-1BD0B427731E}.Linux_Release|Any CPU.Build.0 = Linux_Release|Any CPU
		{7F31A5C2-4B3E-4B16-90A3-1BD0B427731E}.Linux_Release|x64.ActiveCfg = Linux_Release|x64
		{7F31A5C2-4B3E-4B16-90A3-1BD0B427731E}.Linux_Release|x64.Build.0 = Linux_Release|x64
		{7F31A5C2-4B3E-4B16-90A3-1BD0B427731E}.Linux|Any CPU.ActiveCfg = Linux|Any CPU
		{7F31A5C2-4B3E-4B16-90A3-1BD0B427731E}.Linux|Any CPU.Build.0 = Linux|Any CPU
		{7F31A5C2-4B3E-4B16-90A3-1BD0B427731E}.Linux|x64.ActiveCfg = Linux|x64
		{7F31A5C2-4B3E-4B16-90A3-1BD0B427731E}.Linux|x64.Build.0 = Linux|x64
		{7F31A5C2-4B3E-4B16-90A3-1BD0B427731E}.Release|Any CPU.ActiveCfg = Release|Any CPU
		{7F31A5C2-4B3E-4B16-90A3-1BD0B427731E}.Release|Any CPU.Build.0 = Release|Any CPU
		{7F31A5C2-4B3E-4B16-90A3-1BD0B427731E}.Release|x64.ActiveCfg = Release|x64
		{7F31A5C2-4B3E-4B16-90A3-1BD0B427731E}.Release|x64.Build.0 = Release|x64
		{3302FC42-F918-4A67-B044-88F0805DC4FE}.Debug|Any CPU.ActiveCfg = Debug|Any CPU
		{3302FC42-F918-4A67-B044-88F0805DC4FE}.Debug|Any CPU.Build.0 = Debug|Any CPU
		{3302FC42-F918-4A67-B044-88F0805DC4FE}.Debug|x64.ActiveCfg = Debug|x64
		{3302FC42-F918-4A67-B044-88F0805DC4FE}.Debug|x64.Build.0 = Debug|x64
		{3302FC42-F918-4A67-B044-88F0805DC4FE}.Linux_Debug|Any CPU.ActiveCfg = Linux_Debug|Any CPU
		{3302FC42-F918-4A67-B044-88F0805DC4FE}.Linux_Debug|Any CPU.Build.0 = Linux_Debug|Any CPU
		{3302FC42-F918-4A67-B044-88F0805DC4FE}.Linux_Debug|x64.ActiveCfg = Linux_Debug|x64
		{3302FC42-F918-4A67-B044-88F0805DC4FE}.Linux_Debug|x64.Build.0 = Linux_Debug|x64
		{3302FC42-F918-4A67-B044-88F0805DC4FE}.Linux_Release|Any CPU.ActiveCfg = Linux_Release|Any CPU
		{3302FC42-F918-4A67-B044-88F0805DC4FE}.Linux_Release|Any CPU.Build.0 = Linux_Release|Any CPU
		{3302FC42-F918-4A67-B044-88F0805DC4FE}.Linux_Release|x64.ActiveCfg = Linux_Release|x64
		{3302FC42-F918-4A67-B044-88F0805DC4FE}.Linux_Release|x64.Build.0 = Linux_Release|x64
		{3302FC42-F918-4A67-B044-88F0805DC4FE}.Linux|Any CPU.ActiveCfg = Linux|Any CPU
		{3302FC42-F918-4A67-B044-88F0805DC4FE}.Linux|Any CPU.Build.0 = Linux|Any CPU
		{3302FC42-F918-4A67-B044-88F0805DC4FE}.Linux|x64.ActiveCfg = Linux|x64
		{3302FC42-F918-4A67-B044-88F0805DC4FE}.Linux|x64.Build.0 = Linux|x64
		{3302FC42-F918-4A67-B044-88F0805DC4FE}.Release|Any CPU.ActiveCfg = Release|Any CPU
		{3302FC42-F918-4A67-B044-88F0805DC4FE}.Release|Any CPU.Build.0 = Release|Any CPU
		{3302FC42-F918-4A67-B044-88F0805DC4FE}.Release|x64.ActiveCfg = Release|x64
		{3302FC42-F918-4A67-B044-88F0805DC4FE}.Release|x64.Build.0 = Release|x64
		{BC67D9E7-E33A-4E23-86A5-95C0CC26D44C}.Debug|Any CPU.ActiveCfg = Debug|Any CPU
		{BC67D9E7-E33A-4E23-86A5-95C0CC26D44C}.Debug|Any CPU.Build.0 = Debug|Any CPU
		{BC67D9E7-E33A-4E23-86A5-95C0CC26D44C}.Debug|x64.ActiveCfg = Debug|Any CPU
		{BC67D9E7-E33A-4E23-86A5-95C0CC26D44C}.Debug|x64.Build.0 = Debug|Any CPU
		{BC67D9E7-E33A-4E23-86A5-95C0CC26D44C}.Linux_Debug|Any CPU.ActiveCfg = Debug|Any CPU
		{BC67D9E7-E33A-4E23-86A5-95C0CC26D44C}.Linux_Debug|Any CPU.Build.0 = Debug|Any CPU
		{BC67D9E7-E33A-4E23-86A5-95C0CC26D44C}.Linux_Debug|x64.ActiveCfg = Debug|Any CPU
		{BC67D9E7-E33A-4E23-86A5-95C0CC26D44C}.Linux_Debug|x64.Build.0 = Debug|Any CPU
		{BC67D9E7-E33A-4E23-86A5-95C0CC26D44C}.Linux_Release|Any CPU.ActiveCfg = Release|Any CPU
		{BC67D9E7-E33A-4E23-86A5-95C0CC26D44C}.Linux_Release|Any CPU.Build.0 = Release|Any CPU
		{BC67D9E7-E33A-4E23-86A5-95C0CC26D44C}.Linux_Release|x64.ActiveCfg = Release|Any CPU
		{BC67D9E7-E33A-4E23-86A5-95C0CC26D44C}.Linux_Release|x64.Build.0 = Release|Any CPU
		{BC67D9E7-E33A-4E23-86A5-95C0CC26D44C}.Linux|Any CPU.ActiveCfg = Debug|Any CPU
		{BC67D9E7-E33A-4E23-86A5-95C0CC26D44C}.Linux|Any CPU.Build.0 = Debug|Any CPU
		{BC67D9E7-E33A-4E23-86A5-95C0CC26D44C}.Linux|x64.ActiveCfg = Debug|Any CPU
		{BC67D9E7-E33A-4E23-86A5-95C0CC26D44C}.Linux|x64.Build.0 = Debug|Any CPU
		{BC67D9E7-E33A-4E23-86A5-95C0CC26D44C}.Release|Any CPU.ActiveCfg = Release|Any CPU
		{BC67D9E7-E33A-4E23-86A5-95C0CC26D44C}.Release|Any CPU.Build.0 = Release|Any CPU
		{BC67D9E7-E33A-4E23-86A5-95C0CC26D44C}.Release|x64.ActiveCfg = Release|Any CPU
		{BC67D9E7-E33A-4E23-86A5-95C0CC26D44C}.Release|x64.Build.0 = Release|Any CPU
	EndGlobalSection
	GlobalSection(SolutionProperties) = preSolution
		HideSolutionNode = FALSE
	EndGlobalSection
	GlobalSection(NestedProjects) = preSolution
		{8096EC67-AF3A-4CB0-A9F1-77A8746EC57E} = {88972845-2076-4EC4-9175-49E27255511E}
		{53655133-86F2-4A04-846B-7D1D9AB76815} = {7622CA23-6F93-4322-9A8F-046E9723E803}
		{C9748022-C33C-4E45-9073-4F9DE69C0932} = {721F6DD8-03B3-4E8D-B7A9-64407D371093}
		{C6496BD8-C49F-4930-8077-7598D70F5996} = {721F6DD8-03B3-4E8D-B7A9-64407D371093}
		{ADB9C6EF-0E6F-4749-A373-25A3F17901F0} = {6C32A26A-B84F-4CF6-A471-66374CB4A795}
		{7F31A5C2-4B3E-4B16-90A3-1BD0B427731E} = {6C32A26A-B84F-4CF6-A471-66374CB4A795}
		{3302FC42-F918-4A67-B044-88F0805DC4FE} = {6C32A26A-B84F-4CF6-A471-66374CB4A795}
		{BC67D9E7-E33A-4E23-86A5-95C0CC26D44C} = {721F6DD8-03B3-4E8D-B7A9-64407D371093}
	EndGlobalSection
	GlobalSection(ExtensibilityGlobals) = postSolution
		SolutionGuid = {AB1329E7-A57C-4356-AA89-7EA38292DAB3}
	EndGlobalSection
EndGlobal
