
Microsoft Visual Studio Solution File, Format Version 12.00
# Visual Studio 15
VisualStudioVersion = 15.0.28010.0
MinimumVisualStudioVersion = 10.0.40219.1
Project("{2150E333-8FDC-42A3-9474-1A3956D46DE8}") = "test", "test", "{88972845-2076-4EC4-9175-49E27255511E}"
EndProject
Project("{2150E333-8FDC-42A3-9474-1A3956D46DE8}") = "src", "src", "{721F6DD8-03B3-4E8D-B7A9-64407D371093}"
EndProject
Project("{2150E333-8FDC-42A3-9474-1A3956D46DE8}") = "doc", "doc", "{7622CA23-6F93-4322-9A8F-046E9723E803}"
EndProject
Project("{2150E333-8FDC-42A3-9474-1A3956D46DE8}") = "core", "core", "{BBB32D58-CEEB-4E79-8ADF-62C4A06816FA}"
EndProject
Project("{2150E333-8FDC-42A3-9474-1A3956D46DE8}") = "ml", "ml", "{34AFC485-90FF-44E0-BCE3-37F775D75D7D}"
EndProject
Project("{2150E333-8FDC-42A3-9474-1A3956D46DE8}") = "ext", "ext", "{6D22338C-3889-4D40-8B74-1A15C0D0A906}"
EndProject
Project("{9A19103F-16F7-4668-BE54-9A1E7A4F7556}") = "anndotnet.unit", "test\anndotnet.unit\anndotnet.unit.csproj", "{A81996F3-BC2A-4CF5-BE79-0341CBE8A052}"
EndProject
Project("{2150E333-8FDC-42A3-9474-1A3956D46DE8}") = "tool", "tool", "{879EF08D-0BC8-4558-B48E-839CFD9FA8B5}"
EndProject
Project("{FAE04EC0-301F-11D3-BF4B-00C04F79EFBC}") = "dataprocessing.wnd", "src\tool\mldatapreparation.wnd\dataprocessing.wnd.csproj", "{392B33D2-3B1C-4A37-935B-A38431DD4596}"
EndProject
Project("{9A19103F-16F7-4668-BE54-9A1E7A4F7556}") = "nnetwork.core", "src\core\nnetwork.core\nnetwork.core.csproj", "{36EBB382-0747-4CB1-9F5B-64FADE94BFD3}"
EndProject
Project("{9A19103F-16F7-4668-BE54-9A1E7A4F7556}") = "dataprocessing.core", "src\core\dataprocessing.core\dataprocessing.core.csproj", "{0D0D51C4-4C0E-4F3E-AF68-0DF3296D0B6F}"
EndProject
Project("{9A19103F-16F7-4668-BE54-9A1E7A4F7556}") = "anndotnet.tool", "src\tool\anndotnet.tool\anndotnet.tool.csproj", "{76CD5D0C-6DB1-469C-8E8E-F4F16AC5CD83}"
EndProject
Project("{9A19103F-16F7-4668-BE54-9A1E7A4F7556}") = "anndotnet.test.app", "test\anndotnet.test.app\anndotnet.test.app.csproj", "{799DC974-9243-4F75-84A0-F68BE861545C}"
EndProject
Project("{9A19103F-16F7-4668-BE54-9A1E7A4F7556}") = "anndotnet.lib.ext", "src\ext\anndotnet.lib.ext\anndotnet.lib.ext.csproj", "{EB203955-C2E4-4595-A40A-2E33BA2F7928}"
EndProject
Project("{9A19103F-16F7-4668-BE54-9A1E7A4F7556}") = "anndotnet.core", "src\ml\anndotnet.core\anndotnet.core.csproj", "{93F8ED05-87A4-42DB-91A2-77C7353FA3D2}"
EndProject
Project("{9A19103F-16F7-4668-BE54-9A1E7A4F7556}") = "anndotnet.lib", "src\ml\anndotnet.lib\anndotnet.lib.csproj", "{F6617707-5AE0-4514-BBCB-51A0BB22EAEB}"
EndProject
Project("{9A19103F-16F7-4668-BE54-9A1E7A4F7556}") = "gpdotnet.math", "src\core\gpdotnet.math\gpdotnet.math.csproj", "{2C9BA4C2-1D8F-4E67-B7EB-88763DF896F4}"
EndProject
Project("{FAE04EC0-301F-11D3-BF4B-00C04F79EFBC}") = "anndotnet.wnd", "src\tool\anndotnet.wnd\anndotnet.wnd.csproj", "{E5E0822A-DF60-4E1B-B744-344F9675FAFA}"
EndProject
Global
	GlobalSection(SolutionConfigurationPlatforms) = preSolution
		Debug|Any CPU = Debug|Any CPU
		Debug|x64 = Debug|x64
		Release|Any CPU = Release|Any CPU
		Release|x64 = Release|x64
	EndGlobalSection
	GlobalSection(ProjectConfigurationPlatforms) = postSolution
		{A81996F3-BC2A-4CF5-BE79-0341CBE8A052}.Debug|Any CPU.ActiveCfg = Debug|Any CPU
		{A81996F3-BC2A-4CF5-BE79-0341CBE8A052}.Debug|Any CPU.Build.0 = Debug|Any CPU
		{A81996F3-BC2A-4CF5-BE79-0341CBE8A052}.Debug|x64.ActiveCfg = Debug|x64
		{A81996F3-BC2A-4CF5-BE79-0341CBE8A052}.Debug|x64.Build.0 = Debug|x64
		{A81996F3-BC2A-4CF5-BE79-0341CBE8A052}.Release|Any CPU.ActiveCfg = Release|Any CPU
		{A81996F3-BC2A-4CF5-BE79-0341CBE8A052}.Release|Any CPU.Build.0 = Release|Any CPU
		{A81996F3-BC2A-4CF5-BE79-0341CBE8A052}.Release|x64.ActiveCfg = Release|x64
		{A81996F3-BC2A-4CF5-BE79-0341CBE8A052}.Release|x64.Build.0 = Release|x64
		{392B33D2-3B1C-4A37-935B-A38431DD4596}.Debug|Any CPU.ActiveCfg = Debug|Any CPU
		{392B33D2-3B1C-4A37-935B-A38431DD4596}.Debug|Any CPU.Build.0 = Debug|Any CPU
		{392B33D2-3B1C-4A37-935B-A38431DD4596}.Debug|x64.ActiveCfg = Debug|x64
		{392B33D2-3B1C-4A37-935B-A38431DD4596}.Debug|x64.Build.0 = Debug|x64
		{392B33D2-3B1C-4A37-935B-A38431DD4596}.Release|Any CPU.ActiveCfg = Release|Any CPU
		{392B33D2-3B1C-4A37-935B-A38431DD4596}.Release|Any CPU.Build.0 = Release|Any CPU
		{392B33D2-3B1C-4A37-935B-A38431DD4596}.Release|x64.ActiveCfg = Release|x64
		{392B33D2-3B1C-4A37-935B-A38431DD4596}.Release|x64.Build.0 = Release|x64
		{36EBB382-0747-4CB1-9F5B-64FADE94BFD3}.Debug|Any CPU.ActiveCfg = Debug|Any CPU
		{36EBB382-0747-4CB1-9F5B-64FADE94BFD3}.Debug|Any CPU.Build.0 = Debug|Any CPU
		{36EBB382-0747-4CB1-9F5B-64FADE94BFD3}.Debug|x64.ActiveCfg = Debug|x64
		{36EBB382-0747-4CB1-9F5B-64FADE94BFD3}.Debug|x64.Build.0 = Debug|x64
		{36EBB382-0747-4CB1-9F5B-64FADE94BFD3}.Release|Any CPU.ActiveCfg = Release|Any CPU
		{36EBB382-0747-4CB1-9F5B-64FADE94BFD3}.Release|Any CPU.Build.0 = Release|Any CPU
		{36EBB382-0747-4CB1-9F5B-64FADE94BFD3}.Release|x64.ActiveCfg = Release|x64
		{36EBB382-0747-4CB1-9F5B-64FADE94BFD3}.Release|x64.Build.0 = Release|x64
		{0D0D51C4-4C0E-4F3E-AF68-0DF3296D0B6F}.Debug|Any CPU.ActiveCfg = Debug|Any CPU
		{0D0D51C4-4C0E-4F3E-AF68-0DF3296D0B6F}.Debug|Any CPU.Build.0 = Debug|Any CPU
		{0D0D51C4-4C0E-4F3E-AF68-0DF3296D0B6F}.Debug|x64.ActiveCfg = Debug|x64
		{0D0D51C4-4C0E-4F3E-AF68-0DF3296D0B6F}.Debug|x64.Build.0 = Debug|x64
		{0D0D51C4-4C0E-4F3E-AF68-0DF3296D0B6F}.Release|Any CPU.ActiveCfg = Release|Any CPU
		{0D0D51C4-4C0E-4F3E-AF68-0DF3296D0B6F}.Release|Any CPU.Build.0 = Release|Any CPU
		{0D0D51C4-4C0E-4F3E-AF68-0DF3296D0B6F}.Release|x64.ActiveCfg = Release|x64
		{0D0D51C4-4C0E-4F3E-AF68-0DF3296D0B6F}.Release|x64.Build.0 = Release|x64
		{76CD5D0C-6DB1-469C-8E8E-F4F16AC5CD83}.Debug|Any CPU.ActiveCfg = Debug|Any CPU
		{76CD5D0C-6DB1-469C-8E8E-F4F16AC5CD83}.Debug|Any CPU.Build.0 = Debug|Any CPU
		{76CD5D0C-6DB1-469C-8E8E-F4F16AC5CD83}.Debug|x64.ActiveCfg = Debug|x64
		{76CD5D0C-6DB1-469C-8E8E-F4F16AC5CD83}.Debug|x64.Build.0 = Debug|x64
		{76CD5D0C-6DB1-469C-8E8E-F4F16AC5CD83}.Release|Any CPU.ActiveCfg = Release|Any CPU
		{76CD5D0C-6DB1-469C-8E8E-F4F16AC5CD83}.Release|Any CPU.Build.0 = Release|Any CPU
		{76CD5D0C-6DB1-469C-8E8E-F4F16AC5CD83}.Release|x64.ActiveCfg = Release|x64
		{76CD5D0C-6DB1-469C-8E8E-F4F16AC5CD83}.Release|x64.Build.0 = Release|x64
		{799DC974-9243-4F75-84A0-F68BE861545C}.Debug|Any CPU.ActiveCfg = Debug|Any CPU
		{799DC974-9243-4F75-84A0-F68BE861545C}.Debug|Any CPU.Build.0 = Debug|Any CPU
		{799DC974-9243-4F75-84A0-F68BE861545C}.Debug|x64.ActiveCfg = Debug|x64
		{799DC974-9243-4F75-84A0-F68BE861545C}.Debug|x64.Build.0 = Debug|x64
		{799DC974-9243-4F75-84A0-F68BE861545C}.Release|Any CPU.ActiveCfg = Release|Any CPU
		{799DC974-9243-4F75-84A0-F68BE861545C}.Release|Any CPU.Build.0 = Release|Any CPU
		{799DC974-9243-4F75-84A0-F68BE861545C}.Release|x64.ActiveCfg = Release|x64
		{799DC974-9243-4F75-84A0-F68BE861545C}.Release|x64.Build.0 = Release|x64
		{EB203955-C2E4-4595-A40A-2E33BA2F7928}.Debug|Any CPU.ActiveCfg = Debug|Any CPU
		{EB203955-C2E4-4595-A40A-2E33BA2F7928}.Debug|Any CPU.Build.0 = Debug|Any CPU
		{EB203955-C2E4-4595-A40A-2E33BA2F7928}.Debug|x64.ActiveCfg = Debug|x64
		{EB203955-C2E4-4595-A40A-2E33BA2F7928}.Debug|x64.Build.0 = Debug|x64
		{EB203955-C2E4-4595-A40A-2E33BA2F7928}.Release|Any CPU.ActiveCfg = Release|Any CPU
		{EB203955-C2E4-4595-A40A-2E33BA2F7928}.Release|Any CPU.Build.0 = Release|Any CPU
		{EB203955-C2E4-4595-A40A-2E33BA2F7928}.Release|x64.ActiveCfg = Release|x64
		{EB203955-C2E4-4595-A40A-2E33BA2F7928}.Release|x64.Build.0 = Release|x64
		{93F8ED05-87A4-42DB-91A2-77C7353FA3D2}.Debug|Any CPU.ActiveCfg = Debug|Any CPU
		{93F8ED05-87A4-42DB-91A2-77C7353FA3D2}.Debug|Any CPU.Build.0 = Debug|Any CPU
		{93F8ED05-87A4-42DB-91A2-77C7353FA3D2}.Debug|x64.ActiveCfg = Debug|x64
		{93F8ED05-87A4-42DB-91A2-77C7353FA3D2}.Debug|x64.Build.0 = Debug|x64
		{93F8ED05-87A4-42DB-91A2-77C7353FA3D2}.Release|Any CPU.ActiveCfg = Release|Any CPU
		{93F8ED05-87A4-42DB-91A2-77C7353FA3D2}.Release|Any CPU.Build.0 = Release|Any CPU
		{93F8ED05-87A4-42DB-91A2-77C7353FA3D2}.Release|x64.ActiveCfg = Release|x64
		{93F8ED05-87A4-42DB-91A2-77C7353FA3D2}.Release|x64.Build.0 = Release|x64
		{F6617707-5AE0-4514-BBCB-51A0BB22EAEB}.Debug|Any CPU.ActiveCfg = Debug|Any CPU
		{F6617707-5AE0-4514-BBCB-51A0BB22EAEB}.Debug|Any CPU.Build.0 = Debug|Any CPU
		{F6617707-5AE0-4514-BBCB-51A0BB22EAEB}.Debug|x64.ActiveCfg = Debug|x64
		{F6617707-5AE0-4514-BBCB-51A0BB22EAEB}.Debug|x64.Build.0 = Debug|x64
		{F6617707-5AE0-4514-BBCB-51A0BB22EAEB}.Release|Any CPU.ActiveCfg = Release|Any CPU
		{F6617707-5AE0-4514-BBCB-51A0BB22EAEB}.Release|Any CPU.Build.0 = Release|Any CPU
		{F6617707-5AE0-4514-BBCB-51A0BB22EAEB}.Release|x64.ActiveCfg = Release|x64
		{F6617707-5AE0-4514-BBCB-51A0BB22EAEB}.Release|x64.Build.0 = Release|x64
		{2C9BA4C2-1D8F-4E67-B7EB-88763DF896F4}.Debug|Any CPU.ActiveCfg = Debug|Any CPU
		{2C9BA4C2-1D8F-4E67-B7EB-88763DF896F4}.Debug|Any CPU.Build.0 = Debug|Any CPU
		{2C9BA4C2-1D8F-4E67-B7EB-88763DF896F4}.Debug|x64.ActiveCfg = Debug|x64
		{2C9BA4C2-1D8F-4E67-B7EB-88763DF896F4}.Debug|x64.Build.0 = Debug|x64
		{2C9BA4C2-1D8F-4E67-B7EB-88763DF896F4}.Release|Any CPU.ActiveCfg = Release|Any CPU
		{2C9BA4C2-1D8F-4E67-B7EB-88763DF896F4}.Release|Any CPU.Build.0 = Release|Any CPU
		{2C9BA4C2-1D8F-4E67-B7EB-88763DF896F4}.Release|x64.ActiveCfg = Release|Any CPU
		{2C9BA4C2-1D8F-4E67-B7EB-88763DF896F4}.Release|x64.Build.0 = Release|Any CPU
		{E5E0822A-DF60-4E1B-B744-344F9675FAFA}.Debug|Any CPU.ActiveCfg = Debug|Any CPU
		{E5E0822A-DF60-4E1B-B744-344F9675FAFA}.Debug|Any CPU.Build.0 = Debug|Any CPU
		{E5E0822A-DF60-4E1B-B744-344F9675FAFA}.Debug|x64.ActiveCfg = Debug|x64
		{E5E0822A-DF60-4E1B-B744-344F9675FAFA}.Debug|x64.Build.0 = Debug|x64
		{E5E0822A-DF60-4E1B-B744-344F9675FAFA}.Release|Any CPU.ActiveCfg = Release|Any CPU
		{E5E0822A-DF60-4E1B-B744-344F9675FAFA}.Release|Any CPU.Build.0 = Release|Any CPU
		{E5E0822A-DF60-4E1B-B744-344F9675FAFA}.Release|x64.ActiveCfg = Release|x64
		{E5E0822A-DF60-4E1B-B744-344F9675FAFA}.Release|x64.Build.0 = Release|x64
	EndGlobalSection
	GlobalSection(SolutionProperties) = preSolution
		HideSolutionNode = FALSE
	EndGlobalSection
	GlobalSection(NestedProjects) = preSolution
		{BBB32D58-CEEB-4E79-8ADF-62C4A06816FA} = {721F6DD8-03B3-4E8D-B7A9-64407D371093}
		{34AFC485-90FF-44E0-BCE3-37F775D75D7D} = {721F6DD8-03B3-4E8D-B7A9-64407D371093}
		{6D22338C-3889-4D40-8B74-1A15C0D0A906} = {721F6DD8-03B3-4E8D-B7A9-64407D371093}
		{A81996F3-BC2A-4CF5-BE79-0341CBE8A052} = {88972845-2076-4EC4-9175-49E27255511E}
		{879EF08D-0BC8-4558-B48E-839CFD9FA8B5} = {721F6DD8-03B3-4E8D-B7A9-64407D371093}
		{392B33D2-3B1C-4A37-935B-A38431DD4596} = {879EF08D-0BC8-4558-B48E-839CFD9FA8B5}
		{36EBB382-0747-4CB1-9F5B-64FADE94BFD3} = {BBB32D58-CEEB-4E79-8ADF-62C4A06816FA}
		{0D0D51C4-4C0E-4F3E-AF68-0DF3296D0B6F} = {BBB32D58-CEEB-4E79-8ADF-62C4A06816FA}
		{76CD5D0C-6DB1-469C-8E8E-F4F16AC5CD83} = {879EF08D-0BC8-4558-B48E-839CFD9FA8B5}
		{799DC974-9243-4F75-84A0-F68BE861545C} = {88972845-2076-4EC4-9175-49E27255511E}
		{EB203955-C2E4-4595-A40A-2E33BA2F7928} = {6D22338C-3889-4D40-8B74-1A15C0D0A906}
		{93F8ED05-87A4-42DB-91A2-77C7353FA3D2} = {34AFC485-90FF-44E0-BCE3-37F775D75D7D}
		{F6617707-5AE0-4514-BBCB-51A0BB22EAEB} = {34AFC485-90FF-44E0-BCE3-37F775D75D7D}
		{2C9BA4C2-1D8F-4E67-B7EB-88763DF896F4} = {BBB32D58-CEEB-4E79-8ADF-62C4A06816FA}
		{E5E0822A-DF60-4E1B-B744-344F9675FAFA} = {879EF08D-0BC8-4558-B48E-839CFD9FA8B5}
	EndGlobalSection
	GlobalSection(ExtensibilityGlobals) = postSolution
		SolutionGuid = {AB1329E7-A57C-4356-AA89-7EA38292DAB3}
	EndGlobalSection
EndGlobal
