
Microsoft Visual Studio Solution File, Format Version 12.00
# Visual Studio Version 16
VisualStudioVersion = 16.0.29326.143
MinimumVisualStudioVersion = 10.0.40219.1
Project("{2150E333-8FDC-42A3-9474-1A3956D46DE8}") = "test", "test", "{88972845-2076-4EC4-9175-49E27255511E}"
EndProject
Project("{2150E333-8FDC-42A3-9474-1A3956D46DE8}") = "src", "src", "{721F6DD8-03B3-4E8D-B7A9-64407D371093}"
EndProject
Project("{2150E333-8FDC-42A3-9474-1A3956D46DE8}") = "doc", "doc", "{7622CA23-6F93-4322-9A8F-046E9723E803}"
EndProject
Project("{2150E333-8FDC-42A3-9474-1A3956D46DE8}") = "tool", "tool", "{879EF08D-0BC8-4558-B48E-839CFD9FA8B5}"
EndProject
Project("{9A19103F-16F7-4668-BE54-9A1E7A4F7556}") = "AnnDotNET.Tool", "src\tool\AnnDotNET.Tool\AnnDotNET.Tool.csproj", "{067ACF2B-84A7-4AB4-A1A8-B572ADA92948}"
EndProject
Project("{9A19103F-16F7-4668-BE54-9A1E7A4F7556}") = "anndotnet.test", "test\anndotnet.test\anndotnet.test.csproj", "{8096EC67-AF3A-4CB0-A9F1-77A8746EC57E}"
EndProject
Project("{9A19103F-16F7-4668-BE54-9A1E7A4F7556}") = "anndotnet.common", "src\anndotnet.common\anndotnet.common.csproj", "{7901FBF4-CDE9-44E1-A735-732D4C06F7DD}"
EndProject
Project("{FAE04EC0-301F-11D3-BF4B-00C04F79EFBC}") = "ann.vdn", "src\ann.vdn\ann.vdn.csproj", "{4271153F-10EE-4F8A-967D-96D253E139CA}"
EndProject
Global
	GlobalSection(SolutionConfigurationPlatforms) = preSolution
		Debug|Any CPU = Debug|Any CPU
		Debug|x64 = Debug|x64
		Release|Any CPU = Release|Any CPU
		Release|x64 = Release|x64
	EndGlobalSection
	GlobalSection(ProjectConfigurationPlatforms) = postSolution
		{067ACF2B-84A7-4AB4-A1A8-B572ADA92948}.Debug|Any CPU.ActiveCfg = Debug|Any CPU
		{067ACF2B-84A7-4AB4-A1A8-B572ADA92948}.Debug|Any CPU.Build.0 = Debug|Any CPU
		{067ACF2B-84A7-4AB4-A1A8-B572ADA92948}.Debug|x64.ActiveCfg = Debug|x64
		{067ACF2B-84A7-4AB4-A1A8-B572ADA92948}.Debug|x64.Build.0 = Debug|x64
		{067ACF2B-84A7-4AB4-A1A8-B572ADA92948}.Release|Any CPU.ActiveCfg = Release|Any CPU
		{067ACF2B-84A7-4AB4-A1A8-B572ADA92948}.Release|Any CPU.Build.0 = Release|Any CPU
		{067ACF2B-84A7-4AB4-A1A8-B572ADA92948}.Release|x64.ActiveCfg = Release|Any CPU
		{067ACF2B-84A7-4AB4-A1A8-B572ADA92948}.Release|x64.Build.0 = Release|Any CPU
		{8096EC67-AF3A-4CB0-A9F1-77A8746EC57E}.Debug|Any CPU.ActiveCfg = Debug|Any CPU
		{8096EC67-AF3A-4CB0-A9F1-77A8746EC57E}.Debug|Any CPU.Build.0 = Debug|Any CPU
		{8096EC67-AF3A-4CB0-A9F1-77A8746EC57E}.Debug|x64.ActiveCfg = Debug|Any CPU
		{8096EC67-AF3A-4CB0-A9F1-77A8746EC57E}.Debug|x64.Build.0 = Debug|Any CPU
		{8096EC67-AF3A-4CB0-A9F1-77A8746EC57E}.Release|Any CPU.ActiveCfg = Release|Any CPU
		{8096EC67-AF3A-4CB0-A9F1-77A8746EC57E}.Release|Any CPU.Build.0 = Release|Any CPU
		{8096EC67-AF3A-4CB0-A9F1-77A8746EC57E}.Release|x64.ActiveCfg = Release|Any CPU
		{8096EC67-AF3A-4CB0-A9F1-77A8746EC57E}.Release|x64.Build.0 = Release|Any CPU
		{7901FBF4-CDE9-44E1-A735-732D4C06F7DD}.Debug|Any CPU.ActiveCfg = Debug|Any CPU
		{7901FBF4-CDE9-44E1-A735-732D4C06F7DD}.Debug|Any CPU.Build.0 = Debug|Any CPU
		{7901FBF4-CDE9-44E1-A735-732D4C06F7DD}.Debug|x64.ActiveCfg = Debug|Any CPU
		{7901FBF4-CDE9-44E1-A735-732D4C06F7DD}.Debug|x64.Build.0 = Debug|Any CPU
		{7901FBF4-CDE9-44E1-A735-732D4C06F7DD}.Release|Any CPU.ActiveCfg = Release|Any CPU
		{7901FBF4-CDE9-44E1-A735-732D4C06F7DD}.Release|Any CPU.Build.0 = Release|Any CPU
		{7901FBF4-CDE9-44E1-A735-732D4C06F7DD}.Release|x64.ActiveCfg = Release|Any CPU
		{7901FBF4-CDE9-44E1-A735-732D4C06F7DD}.Release|x64.Build.0 = Release|Any CPU
		{4271153F-10EE-4F8A-967D-96D253E139CA}.Debug|Any CPU.ActiveCfg = Debug|Any CPU
		{4271153F-10EE-4F8A-967D-96D253E139CA}.Debug|Any CPU.Build.0 = Debug|Any CPU
		{4271153F-10EE-4F8A-967D-96D253E139CA}.Debug|x64.ActiveCfg = Debug|Any CPU
		{4271153F-10EE-4F8A-967D-96D253E139CA}.Debug|x64.Build.0 = Debug|Any CPU
		{4271153F-10EE-4F8A-967D-96D253E139CA}.Release|Any CPU.ActiveCfg = Release|Any CPU
		{4271153F-10EE-4F8A-967D-96D253E139CA}.Release|Any CPU.Build.0 = Release|Any CPU
		{4271153F-10EE-4F8A-967D-96D253E139CA}.Release|x64.ActiveCfg = Release|Any CPU
		{4271153F-10EE-4F8A-967D-96D253E139CA}.Release|x64.Build.0 = Release|Any CPU
	EndGlobalSection
	GlobalSection(SolutionProperties) = preSolution
		HideSolutionNode = FALSE
	EndGlobalSection
	GlobalSection(NestedProjects) = preSolution
		{879EF08D-0BC8-4558-B48E-839CFD9FA8B5} = {721F6DD8-03B3-4E8D-B7A9-64407D371093}
		{067ACF2B-84A7-4AB4-A1A8-B572ADA92948} = {879EF08D-0BC8-4558-B48E-839CFD9FA8B5}
		{8096EC67-AF3A-4CB0-A9F1-77A8746EC57E} = {88972845-2076-4EC4-9175-49E27255511E}
		{7901FBF4-CDE9-44E1-A735-732D4C06F7DD} = {879EF08D-0BC8-4558-B48E-839CFD9FA8B5}
		{4271153F-10EE-4F8A-967D-96D253E139CA} = {879EF08D-0BC8-4558-B48E-839CFD9FA8B5}
	EndGlobalSection
	GlobalSection(ExtensibilityGlobals) = postSolution
		SolutionGuid = {AB1329E7-A57C-4356-AA89-7EA38292DAB3}
	EndGlobalSection
EndGlobal
