
Microsoft Visual Studio Solution File, Format Version 12.00
# Visual Studio Version 17
VisualStudioVersion = 17.0.31717.71
MinimumVisualStudioVersion = 10.0.40219.1
Project("{9A19103F-16F7-4668-BE54-9A1E7A4F7556}") = "anndotnet.view", "anndotnet.view.csproj", "{65A0EB1F-DD88-4F2C-ABBD-F74DA237AF85}"
EndProject
Global
	GlobalSection(SolutionConfigurationPlatforms) = preSolution
		Debug|Any CPU = Debug|Any CPU
		Release|Any CPU = Release|Any CPU
	EndGlobalSection
	GlobalSection(ProjectConfigurationPlatforms) = postSolution
		{65A0EB1F-DD88-4F2C-ABBD-F74DA237AF85}.Debug|Any CPU.ActiveCfg = Debug|Any CPU
		{65A0EB1F-DD88-4F2C-ABBD-F74DA237AF85}.Debug|Any CPU.Build.0 = Debug|Any CPU
		{65A0EB1F-DD88-4F2C-ABBD-F74DA237AF85}.Release|Any CPU.ActiveCfg = Release|Any CPU
		{65A0EB1F-DD88-4F2C-ABBD-F74DA237AF85}.Release|Any CPU.Build.0 = Release|Any CPU
	EndGlobalSection
	GlobalSection(SolutionProperties) = preSolution
		HideSolutionNode = FALSE
	EndGlobalSection
	GlobalSection(ExtensibilityGlobals) = postSolution
		SolutionGuid = {AF400FCB-86EC-45FA-8C34-5BFD61845BE4}
	EndGlobalSection
EndGlobal